# This file is autogenerated, do not edit; changes may be undone by the next 'dep ensure'.


[[projects]]
  branch = "update-element"
  digest = "1:64ffd54da14df94bc8d7934a2ba851a16662e1a9496d254cbe1d0a00ec472851"
  name = "github.com/syumai/go-hyperscript"
  packages = [
    "dom",
    "hyperscript",
  ]
  pruneopts = "UT"
  revision = "60ebd02aae4f0800f3c95a93757861eb1edf123d"

[solve-meta]
  analyzer-name = "dep"
  analyzer-version = 1
  input-imports = [
    "github.com/syumai/go-hyperscript/dom",
    "github.com/syumai/go-hyperscript/hyperscript",
  ]
  solver-name = "gps-cdcl"
  solver-version = 1
